version = 1
revision = 3
requires-python = ">=3.14"

[[package]]
name = "mark-to-tex"
version = "0.1.0"
source = { editable = "." }
dependencies = [
    { name = "pypandoc" },
]

[package.metadata]
requires-dist = [{ name = "pypandoc" }]

[[package]]
name = "pypandoc"
version = "1.16.2"
source = { registry = "https://pypi.org/simple" }
sdist = { url = "https://files.pythonhosted.org/packages/0b/18/9f5f70567b97758625335209b98d5cb857e19aa1a9306e9749567a240634/pypandoc-1.16.2.tar.gz", hash = "sha256:7a72a9fbf4a5dc700465e384c3bb333d22220efc4e972cb98cf6fc723cdca86b", size = 31477, upload-time = "2025-11-13T16:30:29.608Z" }
wheels = [
    { url = "https://files.pythonhosted.org/packages/bb/e9/b145683854189bba84437ea569bfa786f408c8dc5bc16d8eb0753f5583bf/pypandoc-1.16.2-py3-none-any.whl", hash = "sha256:c200c1139c8e3247baf38d1e9279e85d9f162499d1999c6aa8418596558fe79b", size = 19451, upload-time = "2025-11-13T16:30:07.66Z" },
]
